
Microsoft Visual Studio Solution File, Format Version 12.00
# Visual Studio 15
VisualStudioVersion = 15.0.27703.2000
MinimumVisualStudioVersion = 10.0.40219.1
Project("{FAE04EC0-301F-11D3-BF4B-00C04F79EFBC}") = "PrecoEstacionamento.Web", "PrecoEstacionamento.Web\PrecoEstacionamento.Web.csproj", "{AE415A3E-7A8D-4E75-8B65-8A1B2AB12AF9}"
EndProject
Global
	GlobalSection(SolutionConfigurationPlatforms) = preSolution
		Debug|Any CPU = Debug|Any CPU
		Release|Any CPU = Release|Any CPU
	EndGlobalSection
	GlobalSection(ProjectConfigurationPlatforms) = postSolution
		{AE415A3E-7A8D-4E75-8B65-8A1B2AB12AF9}.Debug|Any CPU.ActiveCfg = Debug|Any CPU
		{AE415A3E-7A8D-4E75-8B65-8A1B2AB12AF9}.Debug|Any CPU.Build.0 = Debug|Any CPU
		{AE415A3E-7A8D-4E75-8B65-8A1B2AB12AF9}.Release|Any CPU.ActiveCfg = Release|Any CPU
		{AE415A3E-7A8D-4E75-8B65-8A1B2AB12AF9}.Release|Any CPU.Build.0 = Release|Any CPU
	EndGlobalSection
	GlobalSection(SolutionProperties) = preSolution
		HideSolutionNode = FALSE
	EndGlobalSection
	GlobalSection(ExtensibilityGlobals) = postSolution
		SolutionGuid = {B6AAD505-7693-421A-B9DC-7F5274812B0A}
	EndGlobalSection
EndGlobal
